// !$*UTF8*$!
{
	archiveVersion = 1;
	classes = {
	};
	objectVersion = 77;
	objects = {

/* Begin PBXBuildFile section */
		831990E42FDF9D0000773803 /* FirebaseFirestore in Frameworks */ = {isa = PBXBuildFile; productRef = 831990E32FDF9D0000773803 /* FirebaseFirestore */; };
		831990E62FDF9D0700773803 /* FirebaseStorage in Frameworks */ = {isa = PBXBuildFile; productRef = 831990E52FDF9D0700773803 /* FirebaseStorage */; };
		831990E82FDF9D7700773803 /* FirebaseAnalytics in Frameworks */ = {isa = PBXBuildFile; productRef = 831990E72FDF9D7700773803 /* FirebaseAnalytics */; };
		831990EA2FDF9D7C00773803 /* FirebaseCore in Frameworks */ = {isa = PBXBuildFile; productRef = 831990E92FDF9D7C00773803 /* FirebaseCore */; };
		831990FA2FDFDE4800773803 /* GoogleMobileAds in Frameworks */ = {isa = PBXBuildFile; productRef = 831990F92FDFDE4800773803 /* GoogleMobileAds */; };
/* End PBXBuildFile section */

/* Begin PBXContainerItemProxy section */
		831990202FDD5BD100773803 /* PBXContainerItemProxy */ = {
			isa = PBXContainerItemProxy;
			containerPortal = 8319900A2FDD5BCE00773803 /* Project object */;
			proxyType = 1;
			remoteGlobalIDString = 831990112FDD5BCE00773803;
			remoteInfo = VoiceSubmit;
		};
		8319902A2FDD5BD100773803 /* PBXContainerItemProxy */ = {
			isa = PBXContainerItemProxy;
			containerPortal = 8319900A2FDD5BCE00773803 /* Project object */;
			proxyType = 1;
			remoteGlobalIDString = 831990112FDD5BCE00773803;
			remoteInfo = VoiceSubmit;
		};
/* End PBXContainerItemProxy section */

/* Begin PBXFileReference section */
		831990122FDD5BCE00773803 /* VoiceSubmit.app */ = {isa = PBXFileReference; explicitFileType = wrapper.application; includeInIndex = 0; path = VoiceSubmit.app; sourceTree = BUILT_PRODUCTS_DIR; };
		8319901F2FDD5BD100773803 /* VoiceSubmitTests.xctest */ = {isa = PBXFileReference; explicitFileType = wrapper.cfbundle; includeInIndex = 0; path = VoiceSubmitTests.xctest; sourceTree = BUILT_PRODUCTS_DIR; };
		831990292FDD5BD100773803 /* VoiceSubmitUITests.xctest */ = {isa = PBXFileReference; explicitFileType = wrapper.cfbundle; includeInIndex = 0; path = VoiceSubmitUITests.xctest; sourceTree = BUILT_PRODUCTS_DIR; };
/* End PBXFileReference section */

/* Begin PBXFileSystemSynchronizedBuildFileExceptionSet section */
		8306A03D2FDFE0ED0088924B /* Exceptions for "VoiceSubmit" folder in "VoiceSubmit" target */ = {
			isa = PBXFileSystemSynchronizedBuildFileExceptionSet;
			membershipExceptions = (
				Info.plist,
			);
			target = 831990112FDD5BCE00773803 /* VoiceSubmit */;
		};
/* End PBXFileSystemSynchronizedBuildFileExceptionSet section */

/* Begin PBXFileSystemSynchronizedRootGroup section */
		831990142FDD5BCE00773803 /* VoiceSubmit */ = {
			isa = PBXFileSystemSynchronizedRootGroup;
			exceptions = (
				8306A03D2FDFE0ED0088924B /* Exceptions for "VoiceSubmit" folder in "VoiceSubmit" target */,
			);
			path = VoiceSubmit;
			sourceTree = "<group>";
		};
		831990222FDD5BD100773803 /* VoiceSubmitTests */ = {
			isa = PBXFileSystemSynchronizedRootGroup;
			path = VoiceSubmitTests;
			sourceTree = "<group>";
		};
		8319902C2FDD5BD100773803 /* VoiceSubmitUITests */ = {
			isa = PBXFileSystemSynchronizedRootGroup;
			path = VoiceSubmitUITests;
			sourceTree = "<group>";
		};
/* End PBXFileSystemSynchronizedRootGroup section */

/* Begin PBXFrameworksBuildPhase section */
		8319900F2FDD5BCE00773803 /* Frameworks */ = {
			isa = PBXFrameworksBuildPhase;
			buildActionMask = 2147483647;
			files = (
				831990E42FDF9D0000773803 /* FirebaseFirestore in Frameworks */,
				831990E62FDF9D0700773803 /* FirebaseStorage in Frameworks */,
				831990FA2FDFDE4800773803 /* GoogleMobileAds in Frameworks */,
				831990EA2FDF9D7C00773803 /* FirebaseCore in Frameworks */,
				831990E82FDF9D7700773803 /* FirebaseAnalytics in Frameworks */,
			);
			runOnlyForDeploymentPostprocessing = 0;
		};
		8319901C2FDD5BD100773803 /* Frameworks */ = {
			isa = PBXFrameworksBuildPhase;
			buildActionMask = 2147483647;
			files = (
			);
			runOnlyForDeploymentPostprocessing = 0;
		};
		831990262FDD5BD100773803 /* Frameworks */ = {
			isa = PBXFrameworksBuildPhase;
			buildActionMask = 2147483647;
			files = (
			);
			runOnlyForDeploymentPostprocessing = 0;
		};
/* End PBXFrameworksBuildPhase section */

/* Begin PBXGroup section */
		831990092FDD5BCE00773803 = {
			isa = PBXGroup;
			children = (
				831990142FDD5BCE00773803 /* VoiceSubmit */,
				831990222FDD5BD100773803 /* VoiceSubmitTests */,
				8319902C2FDD5BD100773803 /* VoiceSubmitUITests */,
				831990E22FDF9D0000773803 /* Frameworks */,
				831990132FDD5BCE00773803 /* Products */,
			);
			sourceTree = "<group>";
		};
		831990132FDD5BCE00773803 /* Products */ = {
			isa = PBXGroup;
			children = (
				831990122FDD5BCE00773803 /* VoiceSubmit.app */,
				8319901F2FDD5BD100773803 /* VoiceSubmitTests.xctest */,
				831990292FDD5BD100773803 /* VoiceSubmitUITests.xctest */,
			);
			name = Products;
			sourceTree = "<group>";
		};
		831990E22FDF9D0000773803 /* Frameworks */ = {
			isa = PBXGroup;
			children = (
			);
			name = Frameworks;
			sourceTree = "<group>";
		};
/* End PBXGroup section */

/* Begin PBXNativeTarget section */
		831990112FDD5BCE00773803 /* VoiceSubmit */ = {
			isa = PBXNativeTarget;
			buildConfigurationList = 831990332FDD5BD100773803 /* Build configuration list for PBXNativeTarget "VoiceSubmit" */;
			buildPhases = (
				8319900E2FDD5BCE00773803 /* Sources */,
				8319900F2FDD5BCE00773803 /* Frameworks */,
				831990102FDD5BCE00773803 /* Resources */,
			);
			buildRules = (
			);
			dependencies = (
			);
			fileSystemSynchronizedGroups = (
				831990142FDD5BCE00773803 /* VoiceSubmit */,
			);
			name = VoiceSubmit;
			packageProductDependencies = (
				831990E32FDF9D0000773803 /* FirebaseFirestore */,
				831990E52FDF9D0700773803 /* FirebaseStorage */,
				831990E72FDF9D7700773803 /* FirebaseAnalytics */,
				831990E92FDF9D7C00773803 /* FirebaseCore */,
				831990F92FDFDE4800773803 /* GoogleMobileAds */,
			);
			productName = VoiceSubmit;
			productReference = 831990122FDD5BCE00773803 /* VoiceSubmit.app */;
			productType = "com.apple.product-type.application";
		};
		8319901E2FDD5BD100773803 /* VoiceSubmitTests */ = {
			isa = PBXNativeTarget;
			buildConfigurationList = 831990362FDD5BD100773803 /* Build configuration list for PBXNativeTarget "VoiceSubmitTests" */;
			buildPhases = (
				8319901B2FDD5BD100773803 /* Sources */,
				8319901C2FDD5BD100773803 /* Frameworks */,
				8319901D2FDD5BD100773803 /* Resources */,
			);
			buildRules = (
			);
			dependencies = (
				831990212FDD5BD100773803 /* PBXTargetDependency */,
			);
			fileSystemSynchronizedGroups = (
				831990222FDD5BD100773803 /* VoiceSubmitTests */,
			);
			name = VoiceSubmitTests;
			packageProductDependencies = (
			);
			productName = VoiceSubmitTests;
			productReference = 8319901F2FDD5BD100773803 /* VoiceSubmitTests.xctest */;
			productType = "com.apple.product-type.bundle.unit-test";
		};
		831990282FDD5BD100773803 /* VoiceSubmitUITests */ = {
			isa = PBXNativeTarget;
			buildConfigurationList = 831990392FDD5BD100773803 /* Build configuration list for PBXNativeTarget "VoiceSubmitUITests" */;
			buildPhases = (
				831990252FDD5BD100773803 /* Sources */,
				831990262FDD5BD100773803 /* Frameworks */,
				831990272FDD5BD100773803 /* Resources */,
			);
			buildRules = (
			);
			dependencies = (
				8319902B2FDD5BD100773803 /* PBXTargetDependency */,
			);
			fileSystemSynchronizedGroups = (
				8319902C2FDD5BD100773803 /* VoiceSubmitUITests */,
			);
			name = VoiceSubmitUITests;
			packageProductDependencies = (
			);
			productName = VoiceSubmitUITests;
			productReference = 831990292FDD5BD100773803 /* VoiceSubmitUITests.xctest */;
			productType = "com.apple.product-type.bundle.ui-testing";
		};
/* End PBXNativeTarget section */

/* Begin PBXProject section */
		8319900A2FDD5BCE00773803 /* Project object */ = {
			isa = PBXProject;
			attributes = {
				BuildIndependentTargetsInParallel = 1;
				LastSwiftUpdateCheck = 2650;
				LastUpgradeCheck = 2650;
				TargetAttributes = {
					831990112FDD5BCE00773803 = {
						CreatedOnToolsVersion = 26.5;
					};
					8319901E2FDD5BD100773803 = {
						CreatedOnToolsVersion = 26.5;
						TestTargetID = 831990112FDD5BCE00773803;
					};
					831990282FDD5BD100773803 = {
						CreatedOnToolsVersion = 26.5;
						TestTargetID = 831990112FDD5BCE00773803;
					};
				};
			};
			buildConfigurationList = 8319900D2FDD5BCE00773803 /* Build configuration list for PBXProject "VoiceSubmit" */;
			developmentRegion = en;
			hasScannedForEncodings = 0;
			knownRegions = (
				en,
				Base,
			);
			mainGroup = 831990092FDD5BCE00773803;
			minimizedProjectReferenceProxies = 1;
			packageReferences = (
				831990E12FDF9CD800773803 /* XCRemoteSwiftPackageReference "firebase-ios-sdk" */,
				831990EF2FDFC0FF00773803 /* XCRemoteSwiftPackageReference "swift-package-manager-google-mobile-ads" */,
			);
			preferredProjectObjectVersion = 77;
			productRefGroup = 831990132FDD5BCE00773803 /* Products */;
			projectDirPath = "";
			projectRoot = "";
			targets = (
				831990112FDD5BCE00773803 /* VoiceSubmit */,
				8319901E2FDD5BD100773803 /* VoiceSubmitTests */,
				831990282FDD5BD100773803 /* VoiceSubmitUITests */,
			);
		};
/* End PBXProject section */

/* Begin PBXResourcesBuildPhase section */
		831990102FDD5BCE00773803 /* Resources */ = {
			isa = PBXResourcesBuildPhase;
			buildActionMask = 2147483647;
			files = (
			);
			runOnlyForDeploymentPostprocessing = 0;
		};
		8319901D2FDD5BD100773803 /* Resources */ = {
			isa = PBXResourcesBuildPhase;
			buildActionMask = 2147483647;
			files = (
			);
			runOnlyForDeploymentPostprocessing = 0;
		};
		831990272FDD5BD100773803 /* Resources */ = {
			isa = PBXResourcesBuildPhase;
			buildActionMask = 2147483647;
			files = (
			);
			runOnlyForDeploymentPostprocessing = 0;
		};
/* End PBXResourcesBuildPhase section */

/* Begin PBXSourcesBuildPhase section */
		8319900E2FDD5BCE00773803 /* Sources */ = {
			isa = PBXSourcesBuildPhase;
			buildActionMask = 2147483647;
			files = (
			);
			runOnlyForDeploymentPostprocessing = 0;
		};
		8319901B2FDD5BD100773803 /* Sources */ = {
			isa = PBXSourcesBuildPhase;
			buildActionMask = 2147483647;
			files = (
			);
			runOnlyForDeploymentPostprocessing = 0;
		};
		831990252FDD5BD100773803 /* Sources */ = {
			isa = PBXSourcesBuildPhase;
			buildActionMask = 2147483647;
			files = (
			);
			runOnlyForDeploymentPostprocessing = 0;
		};
/* End PBXSourcesBuildPhase section */

/* Begin PBXTargetDependency section */
		831990212FDD5BD100773803 /* PBXTargetDependency */ = {
			isa = PBXTargetDependency;
			target = 831990112FDD5BCE00773803 /* VoiceSubmit */;
			targetProxy = 831990202FDD5BD100773803 /* PBXContainerItemProxy */;
		};
		8319902B2FDD5BD100773803 /* PBXTargetDependency */ = {
			isa = PBXTargetDependency;
			target = 831990112FDD5BCE00773803 /* VoiceSubmit */;
			targetProxy = 8319902A2FDD5BD100773803 /* PBXContainerItemProxy */;
		};
/* End PBXTargetDependency section */

/* Begin XCBuildConfiguration section */
		831990312FDD5BD100773803 /* Debug */ = {
			isa = XCBuildConfiguration;
			buildSettings = {
				ALWAYS_SEARCH_USER_PATHS = NO;
				ASSETCATALOG_COMPILER_GENERATE_SWIFT_ASSET_SYMBOL_EXTENSIONS = YES;
				CLANG_ANALYZER_NONNULL = YES;
				CLANG_ANALYZER_NUMBER_OBJECT_CONVERSION = YES_AGGRESSIVE;
				CLANG_CXX_LANGUAGE_STANDARD = "gnu++20";
				CLANG_ENABLE_MODULES = YES;
				CLANG_ENABLE_OBJC_ARC = YES;
				CLANG_ENABLE_OBJC_WEAK = YES;
				CLANG_WARN_BLOCK_CAPTURE_AUTORELEASING = YES;
				CLANG_WARN_BOOL_CONVERSION = YES;
				CLANG_WARN_COMMA = YES;
				CLANG_WARN_CONSTANT_CONVERSION = YES;
				CLANG_WARN_DEPRECATED_OBJC_IMPLEMENTATIONS = YES;
				CLANG_WARN_DIRECT_OBJC_ISA_USAGE = YES_ERROR;
				CLANG_WARN_DOCUMENTATION_COMMENTS = YES;
				CLANG_WARN_EMPTY_BODY = YES;
				CLANG_WARN_ENUM_CONVERSION = YES;
				CLANG_WARN_INFINITE_RECURSION = YES;
				CLANG_WARN_INT_CONVERSION = YES;
				CLANG_WARN_NON_LITERAL_NULL_CONVERSION = YES;
				CLANG_WARN_OBJC_IMPLICIT_RETAIN_SELF = YES;
				CLANG_WARN_OBJC_LITERAL_CONVERSION = YES;
				CLANG_WARN_OBJC_ROOT_CLASS = YES_ERROR;
				CLANG_WARN_QUOTED_INCLUDE_IN_FRAMEWORK_HEADER = YES;
				CLANG_WARN_RANGE_LOOP_ANALYSIS = YES;
				CLANG_WARN_STRICT_PROTOTYPES = YES;
				CLANG_WARN_SUSPICIOUS_MOVE = YES;
				CLANG_WARN_UNGUARDED_AVAILABILITY = YES_AGGRESSIVE;
				CLANG_WARN_UNREACHABLE_CODE = YES;
				CLANG_WARN__DUPLICATE_METHOD_MATCH = YES;
				COPY_PHASE_STRIP = NO;
				DEBUG_INFORMATION_FORMAT = dwarf;
				DEVELOPMENT_TEAM = ZARJ5YG3LL;
				ENABLE_STRICT_OBJC_MSGSEND = YES;
				ENABLE_TESTABILITY = YES;
				ENABLE_USER_SCRIPT_SANDBOXING = YES;
				GCC_C_LANGUAGE_STANDARD = gnu17;
				GCC_DYNAMIC_NO_PIC = NO;
				GCC_NO_COMMON_BLOCKS = YES;
				GCC_OPTIMIZATION_LEVEL = 0;
				GCC_PREPROCESSOR_DEFINITIONS = (
					"DEBUG=1",
					"$(inherited)",
				);
				GCC_WARN_64_TO_32_BIT_CONVERSION = YES;
				GCC_WARN_ABOUT_RETURN_TYPE = YES_ERROR;
				GCC_WARN_UNDECLARED_SELECTOR = YES;
				GCC_WARN_UNINITIALIZED_AUTOS = YES_AGGRESSIVE;
				GCC_WARN_UNUSED_FUNCTION = YES;
				GCC_WARN_UNUSED_VARIABLE = YES;
				IPHONEOS_DEPLOYMENT_TARGET = 26.5;
				LOCALIZATION_PREFERS_STRING_CATALOGS = YES;
				MTL_ENABLE_DEBUG_INFO = INCLUDE_SOURCE;
				MTL_FAST_MATH = YES;
				ONLY_ACTIVE_ARCH = YES;
				SDKROOT = iphoneos;
				SWIFT_ACTIVE_COMPILATION_CONDITIONS = "DEBUG $(inherited)";
				SWIFT_OPTIMIZATION_LEVEL = "-Onone";
			};
			name = Debug;
		};
		831990322FDD5BD100773803 /* Release */ = {
			isa = XCBuildConfiguration;
			buildSettings = {
				ALWAYS_SEARCH_USER_PATHS = NO;
				ASSETCATALOG_COMPILER_GENERATE_SWIFT_ASSET_SYMBOL_EXTENSIONS = YES;
				CLANG_ANALYZER_NONNULL = YES;
				CLANG_ANALYZER_NUMBER_OBJECT_CONVERSION = YES_AGGRESSIVE;
				CLANG_CXX_LANGUAGE_STANDARD = "gnu++20";
				CLANG_ENABLE_MODULES = YES;
				CLANG_ENABLE_OBJC_ARC = YES;
				CLANG_ENABLE_OBJC_WEAK = YES;
				CLANG_WARN_BLOCK_CAPTURE_AUTORELEASING = YES;
				CLANG_WARN_BOOL_CONVERSION = YES;
				CLANG_WARN_COMMA = YES;
				CLANG_WARN_CONSTANT_CONVERSION = YES;
				CLANG_WARN_DEPRECATED_OBJC_IMPLEMENTATIONS = YES;
				CLANG_WARN_DIRECT_OBJC_ISA_USAGE = YES_ERROR;
				CLANG_WARN_DOCUMENTATION_COMMENTS = YES;
				CLANG_WARN_EMPTY_BODY = YES;
				CLANG_WARN_ENUM_CONVERSION = YES;
				CLANG_WARN_INFINITE_RECURSION = YES;
				CLANG_WARN_INT_CONVERSION = YES;
				CLANG_WARN_NON_LITERAL_NULL_CONVERSION = YES;
				CLANG_WARN_OBJC_IMPLICIT_RETAIN_SELF = YES;
				CLANG_WARN_OBJC_LITERAL_CONVERSION = YES;
				CLANG_WARN_OBJC_ROOT_CLASS = YES_ERROR;
				CLANG_WARN_QUOTED_INCLUDE_IN_FRAMEWORK_HEADER = YES;
				CLANG_WARN_RANGE_LOOP_ANALYSIS = YES;
				CLANG_WARN_STRICT_PROTOTYPES = YES;
				CLANG_WARN_SUSPICIOUS_MOVE = YES;
				CLANG_WARN_UNGUARDED_AVAILABILITY = YES_AGGRESSIVE;
				CLANG_WARN_UNREACHABLE_CODE = YES;
				CLANG_WARN__DUPLICATE_METHOD_MATCH = YES;
				COPY_PHASE_STRIP = NO;
				DEBUG_INFORMATION_FORMAT = "dwarf-with-dsym";
				DEVELOPMENT_TEAM = ZARJ5YG3LL;
				ENABLE_NS_ASSERTIONS = NO;
				ENABLE_STRICT_OBJC_MSGSEND = YES;
				ENABLE_USER_SCRIPT_SANDBOXING = YES;
				GCC_C_LANGUAGE_STANDARD = gnu17;
				GCC_NO_COMMON_BLOCKS = YES;
				GCC_WARN_64_TO_32_BIT_CONVERSION = YES;
				GCC_WARN_ABOUT_RETURN_TYPE = YES_ERROR;
				GCC_WARN_UNDECLARED_SELECTOR = YES;
				GCC_WARN_UNINITIALIZED_AUTOS = YES_AGGRESSIVE;
				GCC_WARN_UNUSED_FUNCTION = YES;
				GCC_WARN_UNUSED_VARIABLE = YES;
				IPHONEOS_DEPLOYMENT_TARGET = 26.5;
				LOCALIZATION_PREFERS_STRING_CATALOGS = YES;
				MTL_ENABLE_DEBUG_INFO = NO;
				MTL_FAST_MATH = YES;
				SDKROOT = iphoneos;
				SWIFT_COMPILATION_MODE = wholemodule;
				VALIDATE_PRODUCT = YES;
			};
			name = Release;
		};
		831990342FDD5BD100773803 /* Debug */ = {
			isa = XCBuildConfiguration;
			buildSettings = {
				ASSETCATALOG_COMPILER_APPICON_NAME = AppIcon;
				ASSETCATALOG_COMPILER_GLOBAL_ACCENT_COLOR_NAME = AccentColor;
				CODE_SIGN_STYLE = Automatic;
				CURRENT_PROJECT_VERSION = 1;
				DEVELOPMENT_TEAM = ZARJ5YG3LL;
				ENABLE_PREVIEWS = YES;
				GENERATE_INFOPLIST_FILE = YES;
				INFOPLIST_FILE = VoiceSubmit/Info.plist;
				INFOPLIST_KEY_CFBundleDisplayName = SendVoice;
				INFOPLIST_KEY_ITSAppUsesNonExemptEncryption = NO;
				INFOPLIST_KEY_LSApplicationCategoryType = "public.app-category.entertainment";
				INFOPLIST_KEY_NSMicrophoneUsageDescription = "声を録音するためにマイクを使用します";
				INFOPLIST_KEY_NSUserTrackingUsageDescription = "このアプリは広告のカスタマイズのため、トラッキングを利用します。";
				INFOPLIST_KEY_UIApplicationSceneManifest_Generation = YES;
				INFOPLIST_KEY_UIApplicationSupportsIndirectInputEvents = YES;
				INFOPLIST_KEY_UILaunchScreen_Generation = YES;
				INFOPLIST_KEY_UISupportedInterfaceOrientations = UIInterfaceOrientationPortrait;
				INFOPLIST_KEY_UISupportedInterfaceOrientations_iPad = "UIInterfaceOrientationLandscapeLeft UIInterfaceOrientationLandscapeRight UIInterfaceOrientationPortrait UIInterfaceOrientationPortraitUpsideDown";
				IPHONEOS_DEPLOYMENT_TARGET = 17.6;
				LD_RUNPATH_SEARCH_PATHS = (
					"$(inherited)",
					"@executable_path/Frameworks",
				);
				MARKETING_VERSION = 1.0;
				PRODUCT_BUNDLE_IDENTIFIER = com.tsutsunoido.voicesubmit;
				PRODUCT_NAME = "$(TARGET_NAME)";
				STRING_CATALOG_GENERATE_SYMBOLS = YES;
				SUPPORTED_PLATFORMS = "iphoneos iphonesimulator";
				SUPPORTS_MACCATALYST = NO;
				SWIFT_APPROACHABLE_CONCURRENCY = YES;
				SWIFT_DEFAULT_ACTOR_ISOLATION = MainActor;
				SWIFT_EMIT_LOC_STRINGS = YES;
				SWIFT_UPCOMING_FEATURE_MEMBER_IMPORT_VISIBILITY = YES;
				SWIFT_VERSION = 5.0;
				TARGETED_DEVICE_FAMILY = 1;
			};
			name = Debug;
		};
		831990352FDD5BD100773803 /* Release */ = {
			isa = XCBuildConfiguration;
			buildSettings = {
				ASSETCATALOG_COMPILER_APPICON_NAME = AppIcon;
				ASSETCATALOG_COMPILER_GLOBAL_ACCENT_COLOR_NAME = AccentColor;
				CODE_SIGN_STYLE = Automatic;
				CURRENT_PROJECT_VERSION = 1;
				DEVELOPMENT_TEAM = ZARJ5YG3LL;
				ENABLE_PREVIEWS = YES;
				GENERATE_INFOPLIST_FILE = YES;
				INFOPLIST_FILE = VoiceSubmit/Info.plist;
				INFOPLIST_KEY_CFBundleDisplayName = SendVoice;
				INFOPLIST_KEY_ITSAppUsesNonExemptEncryption = NO;
				INFOPLIST_KEY_LSApplicationCategoryType = "public.app-category.entertainment";
				INFOPLIST_KEY_NSMicrophoneUsageDescription = "声を録音するためにマイクを使用します";
				INFOPLIST_KEY_NSUserTrackingUsageDescription = "このアプリは広告のカスタマイズのため、トラッキングを利用します。";
				INFOPLIST_KEY_UIApplicationSceneManifest_Generation = YES;
				INFOPLIST_KEY_UIApplicationSupportsIndirectInputEvents = YES;
				INFOPLIST_KEY_UILaunchScreen_Generation = YES;
				INFOPLIST_KEY_UISupportedInterfaceOrientations = UIInterfaceOrientationPortrait;
				INFOPLIST_KEY_UISupportedInterfaceOrientations_iPad = "UIInterfaceOrientationLandscapeLeft UIInterfaceOrientationLandscapeRight UIInterfaceOrientationPortrait UIInterfaceOrientationPortraitUpsideDown";
				IPHONEOS_DEPLOYMENT_TARGET = 17.6;
				LD_RUNPATH_SEARCH_PATHS = (
					"$(inherited)",
					"@executable_path/Frameworks",
				);
				MARKETING_VERSION = 1.0;
				PRODUCT_BUNDLE_IDENTIFIER = com.tsutsunoido.voicesubmit;
				PRODUCT_NAME = "$(TARGET_NAME)";
				STRING_CATALOG_GENERATE_SYMBOLS = YES;
				SUPPORTED_PLATFORMS = "iphoneos iphonesimulator";
				SUPPORTS_MACCATALYST = NO;
				SWIFT_APPROACHABLE_CONCURRENCY = YES;
				SWIFT_DEFAULT_ACTOR_ISOLATION = MainActor;
				SWIFT_EMIT_LOC_STRINGS = YES;
				SWIFT_UPCOMING_FEATURE_MEMBER_IMPORT_VISIBILITY = YES;
				SWIFT_VERSION = 5.0;
				TARGETED_DEVICE_FAMILY = 1;
			};
			name = Release;
		};
		831990372FDD5BD100773803 /* Debug */ = {
			isa = XCBuildConfiguration;
			buildSettings = {
				BUNDLE_LOADER = "$(TEST_HOST)";
				CODE_SIGN_STYLE = Automatic;
				CURRENT_PROJECT_VERSION = 1;
				DEVELOPMENT_TEAM = ZARJ5YG3LL;
				GENERATE_INFOPLIST_FILE = YES;
				IPHONEOS_DEPLOYMENT_TARGET = 26.5;
				MARKETING_VERSION = 1.0;
				PRODUCT_BUNDLE_IDENTIFIER = com.tsutsunoido.readingahabit.VoiceSubmitTests;
				PRODUCT_NAME = "$(TARGET_NAME)";
				STRING_CATALOG_GENERATE_SYMBOLS = NO;
				SWIFT_APPROACHABLE_CONCURRENCY = YES;
				SWIFT_EMIT_LOC_STRINGS = NO;
				SWIFT_UPCOMING_FEATURE_MEMBER_IMPORT_VISIBILITY = YES;
				SWIFT_VERSION = 5.0;
				TARGETED_DEVICE_FAMILY = "1,2";
				TEST_HOST = "$(BUILT_PRODUCTS_DIR)/VoiceSubmit.app/$(BUNDLE_EXECUTABLE_FOLDER_PATH)/VoiceSubmit";
			};
			name = Debug;
		};
		831990382FDD5BD100773803 /* Release */ = {
			isa = XCBuildConfiguration;
			buildSettings = {
				BUNDLE_LOADER = "$(TEST_HOST)";
				CODE_SIGN_STYLE = Automatic;
				CURRENT_PROJECT_VERSION = 1;
				DEVELOPMENT_TEAM = ZARJ5YG3LL;
				GENERATE_INFOPLIST_FILE = YES;
				IPHONEOS_DEPLOYMENT_TARGET = 26.5;
				MARKETING_VERSION = 1.0;
				PRODUCT_BUNDLE_IDENTIFIER = com.tsutsunoido.readingahabit.VoiceSubmitTests;
				PRODUCT_NAME = "$(TARGET_NAME)";
				STRING_CATALOG_GENERATE_SYMBOLS = NO;
				SWIFT_APPROACHABLE_CONCURRENCY = YES;
				SWIFT_EMIT_LOC_STRINGS = NO;
				SWIFT_UPCOMING_FEATURE_MEMBER_IMPORT_VISIBILITY = YES;
				SWIFT_VERSION = 5.0;
				TARGETED_DEVICE_FAMILY = "1,2";
				TEST_HOST = "$(BUILT_PRODUCTS_DIR)/VoiceSubmit.app/$(BUNDLE_EXECUTABLE_FOLDER_PATH)/VoiceSubmit";
			};
			name = Release;
		};
		8319903A2FDD5BD100773803 /* Debug */ = {
			isa = XCBuildConfiguration;
			buildSettings = {
				CODE_SIGN_STYLE = Automatic;
				CURRENT_PROJECT_VERSION = 1;
				DEVELOPMENT_TEAM = ZARJ5YG3LL;
				GENERATE_INFOPLIST_FILE = YES;
				MARKETING_VERSION = 1.0;
				PRODUCT_BUNDLE_IDENTIFIER = com.tsutsunoido.readingahabit.VoiceSubmitUITests;
				PRODUCT_NAME = "$(TARGET_NAME)";
				STRING_CATALOG_GENERATE_SYMBOLS = NO;
				SWIFT_APPROACHABLE_CONCURRENCY = YES;
				SWIFT_EMIT_LOC_STRINGS = NO;
				SWIFT_UPCOMING_FEATURE_MEMBER_IMPORT_VISIBILITY = YES;
				SWIFT_VERSION = 5.0;
				TARGETED_DEVICE_FAMILY = "1,2";
				TEST_TARGET_NAME = VoiceSubmit;
			};
			name = Debug;
		};
		8319903B2FDD5BD100773803 /* Release */ = {
			isa = XCBuildConfiguration;
			buildSettings = {
				CODE_SIGN_STYLE = Automatic;
				CURRENT_PROJECT_VERSION = 1;
				DEVELOPMENT_TEAM = ZARJ5YG3LL;
				GENERATE_INFOPLIST_FILE = YES;
				MARKETING_VERSION = 1.0;
				PRODUCT_BUNDLE_IDENTIFIER = com.tsutsunoido.readingahabit.VoiceSubmitUITests;
				PRODUCT_NAME = "$(TARGET_NAME)";
				STRING_CATALOG_GENERATE_SYMBOLS = NO;
				SWIFT_APPROACHABLE_CONCURRENCY = YES;
				SWIFT_EMIT_LOC_STRINGS = NO;
				SWIFT_UPCOMING_FEATURE_MEMBER_IMPORT_VISIBILITY = YES;
				SWIFT_VERSION = 5.0;
				TARGETED_DEVICE_FAMILY = "1,2";
				TEST_TARGET_NAME = VoiceSubmit;
			};
			name = Release;
		};
/* End XCBuildConfiguration section */

/* Begin XCConfigurationList section */
		8319900D2FDD5BCE00773803 /* Build configuration list for PBXProject "VoiceSubmit" */ = {
			isa = XCConfigurationList;
			buildConfigurations = (
				831990312FDD5BD100773803 /* Debug */,
				831990322FDD5BD100773803 /* Release */,
			);
			defaultConfigurationIsVisible = 0;
			defaultConfigurationName = Release;
		};
		831990332FDD5BD100773803 /* Build configuration list for PBXNativeTarget "VoiceSubmit" */ = {
			isa = XCConfigurationList;
			buildConfigurations = (
				831990342FDD5BD100773803 /* Debug */,
				831990352FDD5BD100773803 /* Release */,
			);
			defaultConfigurationIsVisible = 0;
			defaultConfigurationName = Release;
		};
		831990362FDD5BD100773803 /* Build configuration list for PBXNativeTarget "VoiceSubmitTests" */ = {
			isa = XCConfigurationList;
			buildConfigurations = (
				831990372FDD5BD100773803 /* Debug */,
				831990382FDD5BD100773803 /* Release */,
			);
			defaultConfigurationIsVisible = 0;
			defaultConfigurationName = Release;
		};
		831990392FDD5BD100773803 /* Build configuration list for PBXNativeTarget "VoiceSubmitUITests" */ = {
			isa = XCConfigurationList;
			buildConfigurations = (
				8319903A2FDD5BD100773803 /* Debug */,
				8319903B2FDD5BD100773803 /* Release */,
			);
			defaultConfigurationIsVisible = 0;
			defaultConfigurationName = Release;
		};
/* End XCConfigurationList section */

/* Begin XCRemoteSwiftPackageReference section */
		831990E12FDF9CD800773803 /* XCRemoteSwiftPackageReference "firebase-ios-sdk" */ = {
			isa = XCRemoteSwiftPackageReference;
			repositoryURL = "https://github.com/firebase/firebase-ios-sdk";
			requirement = {
				kind = upToNextMajorVersion;
				minimumVersion = 12.14.0;
			};
		};
		831990EF2FDFC0FF00773803 /* XCRemoteSwiftPackageReference "swift-package-manager-google-mobile-ads" */ = {
			isa = XCRemoteSwiftPackageReference;
			repositoryURL = "https://github.com/googleads/swift-package-manager-google-mobile-ads";
			requirement = {
				kind = upToNextMajorVersion;
				minimumVersion = 13.5.0;
			};
		};
/* End XCRemoteSwiftPackageReference section */

/* Begin XCSwiftPackageProductDependency section */
		831990E32FDF9D0000773803 /* FirebaseFirestore */ = {
			isa = XCSwiftPackageProductDependency;
			package = 831990E12FDF9CD800773803 /* XCRemoteSwiftPackageReference "firebase-ios-sdk" */;
			productName = FirebaseFirestore;
		};
		831990E52FDF9D0700773803 /* FirebaseStorage */ = {
			isa = XCSwiftPackageProductDependency;
			package = 831990E12FDF9CD800773803 /* XCRemoteSwiftPackageReference "firebase-ios-sdk" */;
			productName = FirebaseStorage;
		};
		831990E72FDF9D7700773803 /* FirebaseAnalytics */ = {
			isa = XCSwiftPackageProductDependency;
			package = 831990E12FDF9CD800773803 /* XCRemoteSwiftPackageReference "firebase-ios-sdk" */;
			productName = FirebaseAnalytics;
		};
		831990E92FDF9D7C00773803 /* FirebaseCore */ = {
			isa = XCSwiftPackageProductDependency;
			package = 831990E12FDF9CD800773803 /* XCRemoteSwiftPackageReference "firebase-ios-sdk" */;
			productName = FirebaseCore;
		};
		831990F92FDFDE4800773803 /* GoogleMobileAds */ = {
			isa = XCSwiftPackageProductDependency;
			package = 831990EF2FDFC0FF00773803 /* XCRemoteSwiftPackageReference "swift-package-manager-google-mobile-ads" */;
			productName = GoogleMobileAds;
		};
/* End XCSwiftPackageProductDependency section */
	};
	rootObject = 8319900A2FDD5BCE00773803 /* Project object */;
}
